// !$*UTF8*$!
{
	archiveVersion = 1;
	classes = {
	};
	objectVersion = 48;
	objects = {

/* Begin PBXBuildFile section */
		0559E69F26C9D05B2E0E788A /* Pods_UteGolfTests.framework in Frameworks */ = {isa = PBXBuildFile; fileRef = 27D71280FBEC143D8AE8F4E5 /* Pods_UteGolfTests.framework */; };
		3901696B0D7E9D598C200035 /* Pods_UteGolf.framework in Frameworks */ = {isa = PBXBuildFile; fileRef = CA9F3B9A77C70FBCCB90154F /* Pods_UteGolf.framework */; };
		5E02927C1FA4F3D800219C20 /* LoginViewController.swift in Sources */ = {isa = PBXBuildFile; fileRef = 5E02927A1FA4F3D800219C20 /* LoginViewController.swift */; };
		5E02927D1FA4F3D800219C20 /* LoginViewController.xib in Resources */ = {isa = PBXBuildFile; fileRef = 5E02927B1FA4F3D800219C20 /* LoginViewController.xib */; };
		5E0292801FA50CD500219C20 /* ProfileViewController.swift in Sources */ = {isa = PBXBuildFile; fileRef = 5E02927E1FA50CD500219C20 /* ProfileViewController.swift */; };
		5E0292811FA50CD500219C20 /* ProfileViewController.xib in Resources */ = {isa = PBXBuildFile; fileRef = 5E02927F1FA50CD500219C20 /* ProfileViewController.xib */; };
		5E0292841FA57DB300219C20 /* EventCollectionViewCell.swift in Sources */ = {isa = PBXBuildFile; fileRef = 5E0292821FA57DB300219C20 /* EventCollectionViewCell.swift */; };
		5E0292851FA57DB300219C20 /* EventCollectionViewCell.xib in Resources */ = {isa = PBXBuildFile; fileRef = 5E0292831FA57DB300219C20 /* EventCollectionViewCell.xib */; };
		5E0292881FA592BF00219C20 /* EventHeaderCollectionViewCell.swift in Sources */ = {isa = PBXBuildFile; fileRef = 5E0292861FA592BF00219C20 /* EventHeaderCollectionViewCell.swift */; };
		5E0292891FA592BF00219C20 /* EventHeaderCollectionViewCell.xib in Resources */ = {isa = PBXBuildFile; fileRef = 5E0292871FA592BF00219C20 /* EventHeaderCollectionViewCell.xib */; };
		5E19DCDC1F96A2DF007D057E /* AppDelegate.swift in Sources */ = {isa = PBXBuildFile; fileRef = 5E19DCDB1F96A2DF007D057E /* AppDelegate.swift */; };
		5E19DCE11F96A2DF007D057E /* Main.storyboard in Resources */ = {isa = PBXBuildFile; fileRef = 5E19DCDF1F96A2DF007D057E /* Main.storyboard */; };
		5E19DCE31F96A2DF007D057E /* Assets.xcassets in Resources */ = {isa = PBXBuildFile; fileRef = 5E19DCE21F96A2DF007D057E /* Assets.xcassets */; };
		5E19DCE61F96A2DF007D057E /* LaunchScreen.storyboard in Resources */ = {isa = PBXBuildFile; fileRef = 5E19DCE41F96A2DF007D057E /* LaunchScreen.storyboard */; };
		5E19DCF11F96A2E0007D057E /* UteGolfTests.swift in Sources */ = {isa = PBXBuildFile; fileRef = 5E19DCF01F96A2E0007D057E /* UteGolfTests.swift */; };
		5E19DCFC1F96A2E0007D057E /* UteGolfUITests.swift in Sources */ = {isa = PBXBuildFile; fileRef = 5E19DCFB1F96A2E0007D057E /* UteGolfUITests.swift */; };
		5E348CE01FA7928100A0D343 /* EventViewController.swift in Sources */ = {isa = PBXBuildFile; fileRef = 5E348CDE1FA7928100A0D343 /* EventViewController.swift */; };
		5E348CE11FA7928100A0D343 /* EventViewController.xib in Resources */ = {isa = PBXBuildFile; fileRef = 5E348CDF1FA7928100A0D343 /* EventViewController.xib */; };
		5E348CE41FA8DC0200A0D343 /* RoundViewController.swift in Sources */ = {isa = PBXBuildFile; fileRef = 5E348CE21FA8DC0200A0D343 /* RoundViewController.swift */; };
		5E348CE51FA8DC0200A0D343 /* RoundViewController.xib in Resources */ = {isa = PBXBuildFile; fileRef = 5E348CE31FA8DC0200A0D343 /* RoundViewController.xib */; };
		5E387A2B1FAB6D2300D53D6A /* Round.swift in Sources */ = {isa = PBXBuildFile; fileRef = 5E387A2A1FAB6D2300D53D6A /* Round.swift */; };
		5E39F3461F9E675F00E42A27 /* AppState.swift in Sources */ = {isa = PBXBuildFile; fileRef = 5E39F3451F9E675F00E42A27 /* AppState.swift */; };
		5E39F34A1F9E7AB700E42A27 /* User.swift in Sources */ = {isa = PBXBuildFile; fileRef = 5E39F3491F9E7AB700E42A27 /* User.swift */; };
		5E52EF3B1F98319A00C0A249 /* EventCell.swift in Sources */ = {isa = PBXBuildFile; fileRef = 5E52EF3A1F98319A00C0A249 /* EventCell.swift */; };
		5EB6C3E11FA642D9006CA6DE /* ProfileTabBarController.swift in Sources */ = {isa = PBXBuildFile; fileRef = 5EB6C3E01FA642D9006CA6DE /* ProfileTabBarController.swift */; };
		5EB6C3E41FA64506006CA6DE /* EventsCollectionViewController.swift in Sources */ = {isa = PBXBuildFile; fileRef = 5EB6C3E21FA64506006CA6DE /* EventsCollectionViewController.swift */; };
		5EB6C3E51FA64506006CA6DE /* EventsCollectionViewController.xib in Resources */ = {isa = PBXBuildFile; fileRef = 5EB6C3E31FA64506006CA6DE /* EventsCollectionViewController.xib */; };
		5EF007B31FAA5B3B0080DBA4 /* Event.swift in Sources */ = {isa = PBXBuildFile; fileRef = 5EF007B21FAA5B3B0080DBA4 /* Event.swift */; };
		682D1A7D5F8724487B67F872 /* Pods_UteGolfUITests.framework in Frameworks */ = {isa = PBXBuildFile; fileRef = 5630FC9BD36CD3282D4C83C9 /* Pods_UteGolfUITests.framework */; };
/* End PBXBuildFile section */

/* Begin PBXContainerItemProxy section */
		5E19DCED1F96A2E0007D057E /* PBXContainerItemProxy */ = {
			isa = PBXContainerItemProxy;
			containerPortal = 5E19DCD01F96A2DF007D057E /* Project object */;
			proxyType = 1;
			remoteGlobalIDString = 5E19DCD71F96A2DF007D057E;
			remoteInfo = UteGolf;
		};
		5E19DCF81F96A2E0007D057E /* PBXContainerItemProxy */ = {
			isa = PBXContainerItemProxy;
			containerPortal = 5E19DCD01F96A2DF007D057E /* Project object */;
			proxyType = 1;
			remoteGlobalIDString = 5E19DCD71F96A2DF007D057E;
			remoteInfo = UteGolf;
		};
/* End PBXContainerItemProxy section */

/* Begin PBXFileReference section */
		27D71280FBEC143D8AE8F4E5 /* Pods_UteGolfTests.framework */ = {isa = PBXFileReference; explicitFileType = wrapper.framework; includeInIndex = 0; path = Pods_UteGolfTests.framework; sourceTree = BUILT_PRODUCTS_DIR; };
		4B02ABA3E81427E012422467 /* Pods-UteGolfUITests.debug.xcconfig */ = {isa = PBXFileReference; includeInIndex = 1; lastKnownFileType = text.xcconfig; name = "Pods-UteGolfUITests.debug.xcconfig"; path = "Pods/Target Support Files/Pods-UteGolfUITests/Pods-UteGolfUITests.debug.xcconfig"; sourceTree = "<group>"; };
		5630FC9BD36CD3282D4C83C9 /* Pods_UteGolfUITests.framework */ = {isa = PBXFileReference; explicitFileType = wrapper.framework; includeInIndex = 0; path = Pods_UteGolfUITests.framework; sourceTree = BUILT_PRODUCTS_DIR; };
		5E02927A1FA4F3D800219C20 /* LoginViewController.swift */ = {isa = PBXFileReference; lastKnownFileType = sourcecode.swift; path = LoginViewController.swift; sourceTree = "<group>"; };
		5E02927B1FA4F3D800219C20 /* LoginViewController.xib */ = {isa = PBXFileReference; lastKnownFileType = file.xib; path = LoginViewController.xib; sourceTree = "<group>"; };
		5E02927E1FA50CD500219C20 /* ProfileViewController.swift */ = {isa = PBXFileReference; lastKnownFileType = sourcecode.swift; path = ProfileViewController.swift; sourceTree = "<group>"; };
		5E02927F1FA50CD500219C20 /* ProfileViewController.xib */ = {isa = PBXFileReference; lastKnownFileType = file.xib; path = ProfileViewController.xib; sourceTree = "<group>"; };
		5E0292821FA57DB300219C20 /* EventCollectionViewCell.swift */ = {isa = PBXFileReference; lastKnownFileType = sourcecode.swift; path = EventCollectionViewCell.swift; sourceTree = "<group>"; };
		5E0292831FA57DB300219C20 /* EventCollectionViewCell.xib */ = {isa = PBXFileReference; lastKnownFileType = file.xib; path = EventCollectionViewCell.xib; sourceTree = "<group>"; };
		5E0292861FA592BF00219C20 /* EventHeaderCollectionViewCell.swift */ = {isa = PBXFileReference; lastKnownFileType = sourcecode.swift; path = EventHeaderCollectionViewCell.swift; sourceTree = "<group>"; };
		5E0292871FA592BF00219C20 /* EventHeaderCollectionViewCell.xib */ = {isa = PBXFileReference; lastKnownFileType = file.xib; path = EventHeaderCollectionViewCell.xib; sourceTree = "<group>"; };
		5E19DCD81F96A2DF007D057E /* UteGolf.app */ = {isa = PBXFileReference; explicitFileType = wrapper.application; includeInIndex = 0; path = UteGolf.app; sourceTree = BUILT_PRODUCTS_DIR; };
		5E19DCDB1F96A2DF007D057E /* AppDelegate.swift */ = {isa = PBXFileReference; lastKnownFileType = sourcecode.swift; path = AppDelegate.swift; sourceTree = "<group>"; };
		5E19DCE01F96A2DF007D057E /* Base */ = {isa = PBXFileReference; lastKnownFileType = file.storyboard; name = Base; path = Base.lproj/Main.storyboard; sourceTree = "<group>"; };
		5E19DCE21F96A2DF007D057E /* Assets.xcassets */ = {isa = PBXFileReference; lastKnownFileType = folder.assetcatalog; path = Assets.xcassets; sourceTree = "<group>"; };
		5E19DCE51F96A2DF007D057E /* Base */ = {isa = PBXFileReference; lastKnownFileType = file.storyboard; name = Base; path = Base.lproj/LaunchScreen.storyboard; sourceTree = "<group>"; };
		5E19DCE71F96A2DF007D057E /* Info.plist */ = {isa = PBXFileReference; lastKnownFileType = text.plist.xml; path = Info.plist; sourceTree = "<group>"; };
		5E19DCEC1F96A2E0007D057E /* UteGolfTests.xctest */ = {isa = PBXFileReference; explicitFileType = wrapper.cfbundle; includeInIndex = 0; path = UteGolfTests.xctest; sourceTree = BUILT_PRODUCTS_DIR; };
		5E19DCF01F96A2E0007D057E /* UteGolfTests.swift */ = {isa = PBXFileReference; lastKnownFileType = sourcecode.swift; path = UteGolfTests.swift; sourceTree = "<group>"; };
		5E19DCF21F96A2E0007D057E /* Info.plist */ = {isa = PBXFileReference; lastKnownFileType = text.plist.xml; path = Info.plist; sourceTree = "<group>"; };
		5E19DCF71F96A2E0007D057E /* UteGolfUITests.xctest */ = {isa = PBXFileReference; explicitFileType = wrapper.cfbundle; includeInIndex = 0; path = UteGolfUITests.xctest; sourceTree = BUILT_PRODUCTS_DIR; };
		5E19DCFB1F96A2E0007D057E /* UteGolfUITests.swift */ = {isa = PBXFileReference; lastKnownFileType = sourcecode.swift; path = UteGolfUITests.swift; sourceTree = "<group>"; };
		5E19DCFD1F96A2E0007D057E /* Info.plist */ = {isa = PBXFileReference; lastKnownFileType = text.plist.xml; path = Info.plist; sourceTree = "<group>"; };
		5E348CDE1FA7928100A0D343 /* EventViewController.swift */ = {isa = PBXFileReference; lastKnownFileType = sourcecode.swift; path = EventViewController.swift; sourceTree = "<group>"; };
		5E348CDF1FA7928100A0D343 /* EventViewController.xib */ = {isa = PBXFileReference; lastKnownFileType = file.xib; path = EventViewController.xib; sourceTree = "<group>"; };
		5E348CE21FA8DC0200A0D343 /* RoundViewController.swift */ = {isa = PBXFileReference; lastKnownFileType = sourcecode.swift; path = RoundViewController.swift; sourceTree = "<group>"; };
		5E348CE31FA8DC0200A0D343 /* RoundViewController.xib */ = {isa = PBXFileReference; lastKnownFileType = file.xib; path = RoundViewController.xib; sourceTree = "<group>"; };
		5E387A2A1FAB6D2300D53D6A /* Round.swift */ = {isa = PBXFileReference; lastKnownFileType = sourcecode.swift; path = Round.swift; sourceTree = "<group>"; };
		5E39F3451F9E675F00E42A27 /* AppState.swift */ = {isa = PBXFileReference; lastKnownFileType = sourcecode.swift; path = AppState.swift; sourceTree = "<group>"; };
		5E39F3491F9E7AB700E42A27 /* User.swift */ = {isa = PBXFileReference; lastKnownFileType = sourcecode.swift; path = User.swift; sourceTree = "<group>"; };
		5E52EF3A1F98319A00C0A249 /* EventCell.swift */ = {isa = PBXFileReference; lastKnownFileType = sourcecode.swift; path = EventCell.swift; sourceTree = "<group>"; };
		5EB6C3E01FA642D9006CA6DE /* ProfileTabBarController.swift */ = {isa = PBXFileReference; lastKnownFileType = sourcecode.swift; path = ProfileTabBarController.swift; sourceTree = "<group>"; };
		5EB6C3E21FA64506006CA6DE /* EventsCollectionViewController.swift */ = {isa = PBXFileReference; lastKnownFileType = sourcecode.swift; path = EventsCollectionViewController.swift; sourceTree = "<group>"; };
		5EB6C3E31FA64506006CA6DE /* EventsCollectionViewController.xib */ = {isa = PBXFileReference; lastKnownFileType = file.xib; path = EventsCollectionViewController.xib; sourceTree = "<group>"; };
		5EF007B21FAA5B3B0080DBA4 /* Event.swift */ = {isa = PBXFileReference; lastKnownFileType = sourcecode.swift; path = Event.swift; sourceTree = "<group>"; };
		B64D63E0740EF14718EB7FED /* Pods-UteGolfUITests.release.xcconfig */ = {isa = PBXFileReference; includeInIndex = 1; lastKnownFileType = text.xcconfig; name = "Pods-UteGolfUITests.release.xcconfig"; path = "Pods/Target Support Files/Pods-UteGolfUITests/Pods-UteGolfUITests.release.xcconfig"; sourceTree = "<group>"; };
		BBE46E0EC4933EED66319D59 /* Pods-UteGolf.debug.xcconfig */ = {isa = PBXFileReference; includeInIndex = 1; lastKnownFileType = text.xcconfig; name = "Pods-UteGolf.debug.xcconfig"; path = "Pods/Target Support Files/Pods-UteGolf/Pods-UteGolf.debug.xcconfig"; sourceTree = "<group>"; };
		C517A6072A4E9B1B4EDE09C7 /* Pods-UteGolfTests.debug.xcconfig */ = {isa = PBXFileReference; includeInIndex = 1; lastKnownFileType = text.xcconfig; name = "Pods-UteGolfTests.debug.xcconfig"; path = "Pods/Target Support Files/Pods-UteGolfTests/Pods-UteGolfTests.debug.xcconfig"; sourceTree = "<group>"; };
		CA9F3B9A77C70FBCCB90154F /* Pods_UteGolf.framework */ = {isa = PBXFileReference; explicitFileType = wrapper.framework; includeInIndex = 0; path = Pods_UteGolf.framework; sourceTree = BUILT_PRODUCTS_DIR; };
		E05CCFC8271F37D8A6A9AC84 /* Pods-UteGolfTests.release.xcconfig */ = {isa = PBXFileReference; includeInIndex = 1; lastKnownFileType = text.xcconfig; name = "Pods-UteGolfTests.release.xcconfig"; path = "Pods/Target Support Files/Pods-UteGolfTests/Pods-UteGolfTests.release.xcconfig"; sourceTree = "<group>"; };
		E09E850A6A12DCB060C1AC36 /* Pods-UteGolf.release.xcconfig */ = {isa = PBXFileReference; includeInIndex = 1; lastKnownFileType = text.xcconfig; name = "Pods-UteGolf.release.xcconfig"; path = "Pods/Target Support Files/Pods-UteGolf/Pods-UteGolf.release.xcconfig"; sourceTree = "<group>"; };
/* End PBXFileReference section */

/* Begin PBXFrameworksBuildPhase section */
		5E19DCD51F96A2DF007D057E /* Frameworks */ = {
			isa = PBXFrameworksBuildPhase;
			buildActionMask = 2147483647;
			files = (
				3901696B0D7E9D598C200035 /* Pods_UteGolf.framework in Frameworks */,
			);
			runOnlyForDeploymentPostprocessing = 0;
		};
		5E19DCE91F96A2E0007D057E /* Frameworks */ = {
			isa = PBXFrameworksBuildPhase;
			buildActionMask = 2147483647;
			files = (
				0559E69F26C9D05B2E0E788A /* Pods_UteGolfTests.framework in Frameworks */,
			);
			runOnlyForDeploymentPostprocessing = 0;
		};
		5E19DCF41F96A2E0007D057E /* Frameworks */ = {
			isa = PBXFrameworksBuildPhase;
			buildActionMask = 2147483647;
			files = (
				682D1A7D5F8724487B67F872 /* Pods_UteGolfUITests.framework in Frameworks */,
			);
			runOnlyForDeploymentPostprocessing = 0;
		};
/* End PBXFrameworksBuildPhase section */

/* Begin PBXGroup section */
		5E0292771FA4F1E900219C20 /* Controllers */ = {
			isa = PBXGroup;
			children = (
				5E02927A1FA4F3D800219C20 /* LoginViewController.swift */,
				5E02927B1FA4F3D800219C20 /* LoginViewController.xib */,
				5EB6C3E01FA642D9006CA6DE /* ProfileTabBarController.swift */,
				5E02927E1FA50CD500219C20 /* ProfileViewController.swift */,
				5E02927F1FA50CD500219C20 /* ProfileViewController.xib */,
				5EB6C3E21FA64506006CA6DE /* EventsCollectionViewController.swift */,
				5EB6C3E31FA64506006CA6DE /* EventsCollectionViewController.xib */,
				5E348CDE1FA7928100A0D343 /* EventViewController.swift */,
				5E348CDF1FA7928100A0D343 /* EventViewController.xib */,
				5E348CE21FA8DC0200A0D343 /* RoundViewController.swift */,
				5E348CE31FA8DC0200A0D343 /* RoundViewController.xib */,
			);
			path = Controllers;
			sourceTree = "<group>";
		};
		5E0292781FA4F1F900219C20 /* Models */ = {
			isa = PBXGroup;
			children = (
				5E39F3491F9E7AB700E42A27 /* User.swift */,
				5EF007B21FAA5B3B0080DBA4 /* Event.swift */,
				5E387A2A1FAB6D2300D53D6A /* Round.swift */,
			);
			path = Models;
			sourceTree = "<group>";
		};
		5E0292791FA4F20800219C20 /* Views */ = {
			isa = PBXGroup;
			children = (
				5E52EF3A1F98319A00C0A249 /* EventCell.swift */,
				5E0292821FA57DB300219C20 /* EventCollectionViewCell.swift */,
				5E0292831FA57DB300219C20 /* EventCollectionViewCell.xib */,
				5E0292861FA592BF00219C20 /* EventHeaderCollectionViewCell.swift */,
				5E0292871FA592BF00219C20 /* EventHeaderCollectionViewCell.xib */,
			);
			path = Views;
			sourceTree = "<group>";
		};
		5E19DCCF1F96A2DF007D057E = {
			isa = PBXGroup;
			children = (
				5E19DCDA1F96A2DF007D057E /* UteGolf */,
				5E19DCEF1F96A2E0007D057E /* UteGolfTests */,
				5E19DCFA1F96A2E0007D057E /* UteGolfUITests */,
				5E19DCD91F96A2DF007D057E /* Products */,
				95ADEC505E155248D07D4500 /* Pods */,
				F1A459B64FA313A2B1899741 /* Frameworks */,
			);
			sourceTree = "<group>";
		};
		5E19DCD91F96A2DF007D057E /* Products */ = {
			isa = PBXGroup;
			children = (
				5E19DCD81F96A2DF007D057E /* UteGolf.app */,
				5E19DCEC1F96A2E0007D057E /* UteGolfTests.xctest */,
				5E19DCF71F96A2E0007D057E /* UteGolfUITests.xctest */,
			);
			name = Products;
			sourceTree = "<group>";
		};
		5E19DCDA1F96A2DF007D057E /* UteGolf */ = {
			isa = PBXGroup;
			children = (
				5E39F3451F9E675F00E42A27 /* AppState.swift */,
				5E19DCDB1F96A2DF007D057E /* AppDelegate.swift */,
				5E0292771FA4F1E900219C20 /* Controllers */,
				5E0292791FA4F20800219C20 /* Views */,
				5E0292781FA4F1F900219C20 /* Models */,
				5E19DCDF1F96A2DF007D057E /* Main.storyboard */,
				5E19DCE21F96A2DF007D057E /* Assets.xcassets */,
				5E19DCE41F96A2DF007D057E /* LaunchScreen.storyboard */,
				5E19DCE71F96A2DF007D057E /* Info.plist */,
			);
			path = UteGolf;
			sourceTree = "<group>";
		};
		5E19DCEF1F96A2E0007D057E /* UteGolfTests */ = {
			isa = PBXGroup;
			children = (
				5E19DCF01F96A2E0007D057E /* UteGolfTests.swift */,
				5E19DCF21F96A2E0007D057E /* Info.plist */,
			);
			path = UteGolfTests;
			sourceTree = "<group>";
		};
		5E19DCFA1F96A2E0007D057E /* UteGolfUITests */ = {
			isa = PBXGroup;
			children = (
				5E19DCFB1F96A2E0007D057E /* UteGolfUITests.swift */,
				5E19DCFD1F96A2E0007D057E /* Info.plist */,
			);
			path = UteGolfUITests;
			sourceTree = "<group>";
		};
		95ADEC505E155248D07D4500 /* Pods */ = {
			isa = PBXGroup;
			children = (
				BBE46E0EC4933EED66319D59 /* Pods-UteGolf.debug.xcconfig */,
				E09E850A6A12DCB060C1AC36 /* Pods-UteGolf.release.xcconfig */,
				C517A6072A4E9B1B4EDE09C7 /* Pods-UteGolfTests.debug.xcconfig */,
				E05CCFC8271F37D8A6A9AC84 /* Pods-UteGolfTests.release.xcconfig */,
				4B02ABA3E81427E012422467 /* Pods-UteGolfUITests.debug.xcconfig */,
				B64D63E0740EF14718EB7FED /* Pods-UteGolfUITests.release.xcconfig */,
			);
			name = Pods;
			sourceTree = "<group>";
		};
		F1A459B64FA313A2B1899741 /* Frameworks */ = {
			isa = PBXGroup;
			children = (
				CA9F3B9A77C70FBCCB90154F /* Pods_UteGolf.framework */,
				27D71280FBEC143D8AE8F4E5 /* Pods_UteGolfTests.framework */,
				5630FC9BD36CD3282D4C83C9 /* Pods_UteGolfUITests.framework */,
			);
			name = Frameworks;
			sourceTree = "<group>";
		};
/* End PBXGroup section */

/* Begin PBXNativeTarget section */
		5E19DCD71F96A2DF007D057E /* UteGolf */ = {
			isa = PBXNativeTarget;
			buildConfigurationList = 5E19DD001F96A2E0007D057E /* Build configuration list for PBXNativeTarget "UteGolf" */;
			buildPhases = (
				CB90452FBC275C351AF5B80E /* [CP] Check Pods Manifest.lock */,
				5E19DCD41F96A2DF007D057E /* Sources */,
				5E19DCD51F96A2DF007D057E /* Frameworks */,
				5E19DCD61F96A2DF007D057E /* Resources */,
				5E6064A4ACB7202E33BEB6D2 /* [CP] Embed Pods Frameworks */,
				E6492608F3FF64A5C5BFCA18 /* [CP] Copy Pods Resources */,
			);
			buildRules = (
			);
			dependencies = (
			);
			name = UteGolf;
			productName = UteGolf;
			productReference = 5E19DCD81F96A2DF007D057E /* UteGolf.app */;
			productType = "com.apple.product-type.application";
		};
		5E19DCEB1F96A2E0007D057E /* UteGolfTests */ = {
			isa = PBXNativeTarget;
			buildConfigurationList = 5E19DD031F96A2E0007D057E /* Build configuration list for PBXNativeTarget "UteGolfTests" */;
			buildPhases = (
				E940165BA110EDC7AD716BD7 /* [CP] Check Pods Manifest.lock */,
				5E19DCE81F96A2E0007D057E /* Sources */,
				5E19DCE91F96A2E0007D057E /* Frameworks */,
				5E19DCEA1F96A2E0007D057E /* Resources */,
				FF72FC87BD4422D0B58F6A58 /* [CP] Embed Pods Frameworks */,
				2300FA5981B20E1C796C6DDF /* [CP] Copy Pods Resources */,
			);
			buildRules = (
			);
			dependencies = (
				5E19DCEE1F96A2E0007D057E /* PBXTargetDependency */,
			);
			name = UteGolfTests;
			productName = UteGolfTests;
			productReference = 5E19DCEC1F96A2E0007D057E /* UteGolfTests.xctest */;
			productType = "com.apple.product-type.bundle.unit-test";
		};
		5E19DCF61F96A2E0007D057E /* UteGolfUITests */ = {
			isa = PBXNativeTarget;
			buildConfigurationList = 5E19DD061F96A2E0007D057E /* Build configuration list for PBXNativeTarget "UteGolfUITests" */;
			buildPhases = (
				58B246506497689F9003BB28 /* [CP] Check Pods Manifest.lock */,
				5E19DCF31F96A2E0007D057E /* Sources */,
				5E19DCF41F96A2E0007D057E /* Frameworks */,
				5E19DCF51F96A2E0007D057E /* Resources */,
				1936E035E4907DC6120BA2F1 /* [CP] Embed Pods Frameworks */,
				182CAEBA124ACE1113F71C9A /* [CP] Copy Pods Resources */,
			);
			buildRules = (
			);
			dependencies = (
				5E19DCF91F96A2E0007D057E /* PBXTargetDependency */,
			);
			name = UteGolfUITests;
			productName = UteGolfUITests;
			productReference = 5E19DCF71F96A2E0007D057E /* UteGolfUITests.xctest */;
			productType = "com.apple.product-type.bundle.ui-testing";
		};
/* End PBXNativeTarget section */

/* Begin PBXProject section */
		5E19DCD01F96A2DF007D057E /* Project object */ = {
			isa = PBXProject;
			attributes = {
				LastSwiftUpdateCheck = 0900;
				LastUpgradeCheck = 0900;
				ORGANIZATIONNAME = "Keanu Interone";
				TargetAttributes = {
					5E19DCD71F96A2DF007D057E = {
						CreatedOnToolsVersion = 9.0;
						ProvisioningStyle = Automatic;
					};
					5E19DCEB1F96A2E0007D057E = {
						CreatedOnToolsVersion = 9.0;
						ProvisioningStyle = Automatic;
						TestTargetID = 5E19DCD71F96A2DF007D057E;
					};
					5E19DCF61F96A2E0007D057E = {
						CreatedOnToolsVersion = 9.0;
						ProvisioningStyle = Automatic;
						TestTargetID = 5E19DCD71F96A2DF007D057E;
					};
				};
			};
			buildConfigurationList = 5E19DCD31F96A2DF007D057E /* Build configuration list for PBXProject "UteGolf" */;
			compatibilityVersion = "Xcode 8.0";
			developmentRegion = en;
			hasScannedForEncodings = 0;
			knownRegions = (
				en,
				Base,
			);
			mainGroup = 5E19DCCF1F96A2DF007D057E;
			productRefGroup = 5E19DCD91F96A2DF007D057E /* Products */;
			projectDirPath = "";
			projectRoot = "";
			targets = (
				5E19DCD71F96A2DF007D057E /* UteGolf */,
				5E19DCEB1F96A2E0007D057E /* UteGolfTests */,
				5E19DCF61F96A2E0007D057E /* UteGolfUITests */,
			);
		};
/* End PBXProject section */

/* Begin PBXResourcesBuildPhase section */
		5E19DCD61F96A2DF007D057E /* Resources */ = {
			isa = PBXResourcesBuildPhase;
			buildActionMask = 2147483647;
			files = (
				5E02927D1FA4F3D800219C20 /* LoginViewController.xib in Resources */,
				5E348CE11FA7928100A0D343 /* EventViewController.xib in Resources */,
				5E19DCE61F96A2DF007D057E /* LaunchScreen.storyboard in Resources */,
				5E0292891FA592BF00219C20 /* EventHeaderCollectionViewCell.xib in Resources */,
				5E19DCE31F96A2DF007D057E /* Assets.xcassets in Resources */,
				5E0292811FA50CD500219C20 /* ProfileViewController.xib in Resources */,
				5E19DCE11F96A2DF007D057E /* Main.storyboard in Resources */,
				5E0292851FA57DB300219C20 /* EventCollectionViewCell.xib in Resources */,
				5EB6C3E51FA64506006CA6DE /* EventsCollectionViewController.xib in Resources */,
				5E348CE51FA8DC0200A0D343 /* RoundViewController.xib in Resources */,
			);
			runOnlyForDeploymentPostprocessing = 0;
		};
		5E19DCEA1F96A2E0007D057E /* Resources */ = {
			isa = PBXResourcesBuildPhase;
			buildActionMask = 2147483647;
			files = (
			);
			runOnlyForDeploymentPostprocessing = 0;
		};
		5E19DCF51F96A2E0007D057E /* Resources */ = {
			isa = PBXResourcesBuildPhase;
			buildActionMask = 2147483647;
			files = (
			);
			runOnlyForDeploymentPostprocessing = 0;
		};
/* End PBXResourcesBuildPhase section */

/* Begin PBXShellScriptBuildPhase section */
		182CAEBA124ACE1113F71C9A /* [CP] Copy Pods Resources */ = {
			isa = PBXShellScriptBuildPhase;
			buildActionMask = 2147483647;
			files = (
			);
			inputPaths = (
			);
			name = "[CP] Copy Pods Resources";
			outputPaths = (
			);
			runOnlyForDeploymentPostprocessing = 0;
			shellPath = /bin/sh;
			shellScript = "\"${SRCROOT}/Pods/Target Support Files/Pods-UteGolfUITests/Pods-UteGolfUITests-resources.sh\"\n";
			showEnvVarsInLog = 0;
		};
		1936E035E4907DC6120BA2F1 /* [CP] Embed Pods Frameworks */ = {
			isa = PBXShellScriptBuildPhase;
			buildActionMask = 2147483647;
			files = (
			);
			inputPaths = (
			);
			name = "[CP] Embed Pods Frameworks";
			outputPaths = (
			);
			runOnlyForDeploymentPostprocessing = 0;
			shellPath = /bin/sh;
			shellScript = "\"${SRCROOT}/Pods/Target Support Files/Pods-UteGolfUITests/Pods-UteGolfUITests-frameworks.sh\"\n";
			showEnvVarsInLog = 0;
		};
		2300FA5981B20E1C796C6DDF /* [CP] Copy Pods Resources */ = {
			isa = PBXShellScriptBuildPhase;
			buildActionMask = 2147483647;
			files = (
			);
			inputPaths = (
			);
			name = "[CP] Copy Pods Resources";
			outputPaths = (
			);
			runOnlyForDeploymentPostprocessing = 0;
			shellPath = /bin/sh;
			shellScript = "\"${SRCROOT}/Pods/Target Support Files/Pods-UteGolfTests/Pods-UteGolfTests-resources.sh\"\n";
			showEnvVarsInLog = 0;
		};
		58B246506497689F9003BB28 /* [CP] Check Pods Manifest.lock */ = {
			isa = PBXShellScriptBuildPhase;
			buildActionMask = 2147483647;
			files = (
			);
			inputPaths = (
				"${PODS_PODFILE_DIR_PATH}/Podfile.lock",
				"${PODS_ROOT}/Manifest.lock",
			);
			name = "[CP] Check Pods Manifest.lock";
			outputPaths = (
				"$(DERIVED_FILE_DIR)/Pods-UteGolfUITests-checkManifestLockResult.txt",
			);
			runOnlyForDeploymentPostprocessing = 0;
			shellPath = /bin/sh;
			shellScript = "diff \"${PODS_PODFILE_DIR_PATH}/Podfile.lock\" \"${PODS_ROOT}/Manifest.lock\" > /dev/null\nif [ $? != 0 ] ; then\n    # print error to STDERR\n    echo \"error: The sandbox is not in sync with the Podfile.lock. Run 'pod install' or update your CocoaPods installation.\" >&2\n    exit 1\nfi\n# This output is used by Xcode 'outputs' to avoid re-running this script phase.\necho \"SUCCESS\" > \"${SCRIPT_OUTPUT_FILE_0}\"\n";
			showEnvVarsInLog = 0;
		};
		5E6064A4ACB7202E33BEB6D2 /* [CP] Embed Pods Frameworks */ = {
			isa = PBXShellScriptBuildPhase;
			buildActionMask = 2147483647;
			files = (
			);
			inputPaths = (
				"${SRCROOT}/Pods/Target Support Files/Pods-UteGolf/Pods-UteGolf-frameworks.sh",
				"${BUILT_PRODUCTS_DIR}/Alamofire/Alamofire.framework",
			);
			name = "[CP] Embed Pods Frameworks";
			outputPaths = (
				"${TARGET_BUILD_DIR}/${FRAMEWORKS_FOLDER_PATH}/Alamofire.framework",
			);
			runOnlyForDeploymentPostprocessing = 0;
			shellPath = /bin/sh;
			shellScript = "\"${SRCROOT}/Pods/Target Support Files/Pods-UteGolf/Pods-UteGolf-frameworks.sh\"\n";
			showEnvVarsInLog = 0;
		};
		CB90452FBC275C351AF5B80E /* [CP] Check Pods Manifest.lock */ = {
			isa = PBXShellScriptBuildPhase;
			buildActionMask = 2147483647;
			files = (
			);
			inputPaths = (
				"${PODS_PODFILE_DIR_PATH}/Podfile.lock",
				"${PODS_ROOT}/Manifest.lock",
			);
			name = "[CP] Check Pods Manifest.lock";
			outputPaths = (
				"$(DERIVED_FILE_DIR)/Pods-UteGolf-checkManifestLockResult.txt",
			);
			runOnlyForDeploymentPostprocessing = 0;
			shellPath = /bin/sh;
			shellScript = "diff \"${PODS_PODFILE_DIR_PATH}/Podfile.lock\" \"${PODS_ROOT}/Manifest.lock\" > /dev/null\nif [ $? != 0 ] ; then\n    # print error to STDERR\n    echo \"error: The sandbox is not in sync with the Podfile.lock. Run 'pod install' or update your CocoaPods installation.\" >&2\n    exit 1\nfi\n# This output is used by Xcode 'outputs' to avoid re-running this script phase.\necho \"SUCCESS\" > \"${SCRIPT_OUTPUT_FILE_0}\"\n";
			showEnvVarsInLog = 0;
		};
		E6492608F3FF64A5C5BFCA18 /* [CP] Copy Pods Resources */ = {
			isa = PBXShellScriptBuildPhase;
			buildActionMask = 2147483647;
			files = (
			);
			inputPaths = (
			);
			name = "[CP] Copy Pods Resources";
			outputPaths = (
			);
			runOnlyForDeploymentPostprocessing = 0;
			shellPath = /bin/sh;
			shellScript = "\"${SRCROOT}/Pods/Target Support Files/Pods-UteGolf/Pods-UteGolf-resources.sh\"\n";
			showEnvVarsInLog = 0;
		};
		E940165BA110EDC7AD716BD7 /* [CP] Check Pods Manifest.lock */ = {
			isa = PBXShellScriptBuildPhase;
			buildActionMask = 2147483647;
			files = (
			);
			inputPaths = (
				"${PODS_PODFILE_DIR_PATH}/Podfile.lock",
				"${PODS_ROOT}/Manifest.lock",
			);
			name = "[CP] Check Pods Manifest.lock";
			outputPaths = (
				"$(DERIVED_FILE_DIR)/Pods-UteGolfTests-checkManifestLockResult.txt",
			);
			runOnlyForDeploymentPostprocessing = 0;
			shellPath = /bin/sh;
			shellScript = "diff \"${PODS_PODFILE_DIR_PATH}/Podfile.lock\" \"${PODS_ROOT}/Manifest.lock\" > /dev/null\nif [ $? != 0 ] ; then\n    # print error to STDERR\n    echo \"error: The sandbox is not in sync with the Podfile.lock. Run 'pod install' or update your CocoaPods installation.\" >&2\n    exit 1\nfi\n# This output is used by Xcode 'outputs' to avoid re-running this script phase.\necho \"SUCCESS\" > \"${SCRIPT_OUTPUT_FILE_0}\"\n";
			showEnvVarsInLog = 0;
		};
		FF72FC87BD4422D0B58F6A58 /* [CP] Embed Pods Frameworks */ = {
			isa = PBXShellScriptBuildPhase;
			buildActionMask = 2147483647;
			files = (
			);
			inputPaths = (
			);
			name = "[CP] Embed Pods Frameworks";
			outputPaths = (
			);
			runOnlyForDeploymentPostprocessing = 0;
			shellPath = /bin/sh;
			shellScript = "\"${SRCROOT}/Pods/Target Support Files/Pods-UteGolfTests/Pods-UteGolfTests-frameworks.sh\"\n";
			showEnvVarsInLog = 0;
		};
/* End PBXShellScriptBuildPhase section */

/* Begin PBXSourcesBuildPhase section */
		5E19DCD41F96A2DF007D057E /* Sources */ = {
			isa = PBXSourcesBuildPhase;
			buildActionMask = 2147483647;
			files = (
				5E0292881FA592BF00219C20 /* EventHeaderCollectionViewCell.swift in Sources */,
				5E02927C1FA4F3D800219C20 /* LoginViewController.swift in Sources */,
				5E348CE01FA7928100A0D343 /* EventViewController.swift in Sources */,
				5EB6C3E11FA642D9006CA6DE /* ProfileTabBarController.swift in Sources */,
				5E52EF3B1F98319A00C0A249 /* EventCell.swift in Sources */,
				5E39F3461F9E675F00E42A27 /* AppState.swift in Sources */,
				5E0292841FA57DB300219C20 /* EventCollectionViewCell.swift in Sources */,
				5EB6C3E41FA64506006CA6DE /* EventsCollectionViewController.swift in Sources */,
				5E19DCDC1F96A2DF007D057E /* AppDelegate.swift in Sources */,
				5E348CE41FA8DC0200A0D343 /* RoundViewController.swift in Sources */,
				5E0292801FA50CD500219C20 /* ProfileViewController.swift in Sources */,
				5E39F34A1F9E7AB700E42A27 /* User.swift in Sources */,
				5E387A2B1FAB6D2300D53D6A /* Round.swift in Sources */,
				5EF007B31FAA5B3B0080DBA4 /* Event.swift in Sources */,
			);
			runOnlyForDeploymentPostprocessing = 0;
		};
		5E19DCE81F96A2E0007D057E /* Sources */ = {
			isa = PBXSourcesBuildPhase;
			buildActionMask = 2147483647;
			files = (
				5E19DCF11F96A2E0007D057E /* UteGolfTests.swift in Sources */,
			);
			runOnlyForDeploymentPostprocessing = 0;
		};
		5E19DCF31F96A2E0007D057E /* Sources */ = {
			isa = PBXSourcesBuildPhase;
			buildActionMask = 2147483647;
			files = (
				5E19DCFC1F96A2E0007D057E /* UteGolfUITests.swift in Sources */,
			);
			runOnlyForDeploymentPostprocessing = 0;
		};
/* End PBXSourcesBuildPhase section */

/* Begin PBXTargetDependency section */
		5E19DCEE1F96A2E0007D057E /* PBXTargetDependency */ = {
			isa = PBXTargetDependency;
			target = 5E19DCD71F96A2DF007D057E /* UteGolf */;
			targetProxy = 5E19DCED1F96A2E0007D057E /* PBXContainerItemProxy */;
		};
		5E19DCF91F96A2E0007D057E /* PBXTargetDependency */ = {
			isa = PBXTargetDependency;
			target = 5E19DCD71F96A2DF007D057E /* UteGolf */;
			targetProxy = 5E19DCF81F96A2E0007D057E /* PBXContainerItemProxy */;
		};
/* End PBXTargetDependency section */

/* Begin PBXVariantGroup section */
		5E19DCDF1F96A2DF007D057E /* Main.storyboard */ = {
			isa = PBXVariantGroup;
			children = (
				5E19DCE01F96A2DF007D057E /* Base */,
			);
			name = Main.storyboard;
			sourceTree = "<group>";
		};
		5E19DCE41F96A2DF007D057E /* LaunchScreen.storyboard */ = {
			isa = PBXVariantGroup;
			children = (
				5E19DCE51F96A2DF007D057E /* Base */,
			);
			name = LaunchScreen.storyboard;
			sourceTree = "<group>";
		};
/* End PBXVariantGroup section */

/* Begin XCBuildConfiguration section */
		5E19DCFE1F96A2E0007D057E /* Debug */ = {
			isa = XCBuildConfiguration;
			buildSettings = {
				ALWAYS_SEARCH_USER_PATHS = NO;
				CLANG_ANALYZER_NONNULL = YES;
				CLANG_ANALYZER_NUMBER_OBJECT_CONVERSION = YES_AGGRESSIVE;
				CLANG_CXX_LANGUAGE_STANDARD = "gnu++14";
				CLANG_CXX_LIBRARY = "libc++";
				CLANG_ENABLE_MODULES = YES;
				CLANG_ENABLE_OBJC_ARC = YES;
				CLANG_WARN_BLOCK_CAPTURE_AUTORELEASING = YES;
				CLANG_WARN_BOOL_CONVERSION = YES;
				CLANG_WARN_COMMA = YES;
				CLANG_WARN_CONSTANT_CONVERSION = YES;
				CLANG_WARN_DIRECT_OBJC_ISA_USAGE = YES_ERROR;
				CLANG_WARN_DOCUMENTATION_COMMENTS = YES;
				CLANG_WARN_EMPTY_BODY = YES;
				CLANG_WARN_ENUM_CONVERSION = YES;
				CLANG_WARN_INFINITE_RECURSION = YES;
				CLANG_WARN_INT_CONVERSION = YES;
				CLANG_WARN_NON_LITERAL_NULL_CONVERSION = YES;
				CLANG_WARN_OBJC_LITERAL_CONVERSION = YES;
				CLANG_WARN_OBJC_ROOT_CLASS = YES_ERROR;
				CLANG_WARN_RANGE_LOOP_ANALYSIS = YES;
				CLANG_WARN_STRICT_PROTOTYPES = YES;
				CLANG_WARN_SUSPICIOUS_MOVE = YES;
				CLANG_WARN_UNGUARDED_AVAILABILITY = YES_AGGRESSIVE;
				CLANG_WARN_UNREACHABLE_CODE = YES;
				CLANG_WARN__DUPLICATE_METHOD_MATCH = YES;
				CODE_SIGN_IDENTITY = "iPhone Developer";
				COPY_PHASE_STRIP = NO;
				DEBUG_INFORMATION_FORMAT = dwarf;
				ENABLE_STRICT_OBJC_MSGSEND = YES;
				ENABLE_TESTABILITY = YES;
				GCC_C_LANGUAGE_STANDARD = gnu11;
				GCC_DYNAMIC_NO_PIC = NO;
				GCC_NO_COMMON_BLOCKS = YES;
				GCC_OPTIMIZATION_LEVEL = 0;
				GCC_PREPROCESSOR_DEFINITIONS = (
					"DEBUG=1",
					"$(inherited)",
				);
				GCC_WARN_64_TO_32_BIT_CONVERSION = YES;
				GCC_WARN_ABOUT_RETURN_TYPE = YES_ERROR;
				GCC_WARN_UNDECLARED_SELECTOR = YES;
				GCC_WARN_UNINITIALIZED_AUTOS = YES_AGGRESSIVE;
				GCC_WARN_UNUSED_FUNCTION = YES;
				GCC_WARN_UNUSED_VARIABLE = YES;
				IPHONEOS_DEPLOYMENT_TARGET = 11.0;
				MTL_ENABLE_DEBUG_INFO = YES;
				ONLY_ACTIVE_ARCH = YES;
				SDKROOT = iphoneos;
				SWIFT_ACTIVE_COMPILATION_CONDITIONS = DEBUG;
				SWIFT_OPTIMIZATION_LEVEL = "-Onone";
			};
			name = Debug;
		};
		5E19DCFF1F96A2E0007D057E /* Release */ = {
			isa = XCBuildConfiguration;
			buildSettings = {
				ALWAYS_SEARCH_USER_PATHS = NO;
				CLANG_ANALYZER_NONNULL = YES;
				CLANG_ANALYZER_NUMBER_OBJECT_CONVERSION = YES_AGGRESSIVE;
				CLANG_CXX_LANGUAGE_STANDARD = "gnu++14";
				CLANG_CXX_LIBRARY = "libc++";
				CLANG_ENABLE_MODULES = YES;
				CLANG_ENABLE_OBJC_ARC = YES;
				CLANG_WARN_BLOCK_CAPTURE_AUTORELEASING = YES;
				CLANG_WARN_BOOL_CONVERSION = YES;
				CLANG_WARN_COMMA = YES;
				CLANG_WARN_CONSTANT_CONVERSION = YES;
				CLANG_WARN_DIRECT_OBJC_ISA_USAGE = YES_ERROR;
				CLANG_WARN_DOCUMENTATION_COMMENTS = YES;
				CLANG_WARN_EMPTY_BODY = YES;
				CLANG_WARN_ENUM_CONVERSION = YES;
				CLANG_WARN_INFINITE_RECURSION = YES;
				CLANG_WARN_INT_CONVERSION = YES;
				CLANG_WARN_NON_LITERAL_NULL_CONVERSION = YES;
				CLANG_WARN_OBJC_LITERAL_CONVERSION = YES;
				CLANG_WARN_OBJC_ROOT_CLASS = YES_ERROR;
				CLANG_WARN_RANGE_LOOP_ANALYSIS = YES;
				CLANG_WARN_STRICT_PROTOTYPES = YES;
				CLANG_WARN_SUSPICIOUS_MOVE = YES;
				CLANG_WARN_UNGUARDED_AVAILABILITY = YES_AGGRESSIVE;
				CLANG_WARN_UNREACHABLE_CODE = YES;
				CLANG_WARN__DUPLICATE_METHOD_MATCH = YES;
				CODE_SIGN_IDENTITY = "iPhone Developer";
				COPY_PHASE_STRIP = NO;
				DEBUG_INFORMATION_FORMAT = "dwarf-with-dsym";
				ENABLE_NS_ASSERTIONS = NO;
				ENABLE_STRICT_OBJC_MSGSEND = YES;
				GCC_C_LANGUAGE_STANDARD = gnu11;
				GCC_NO_COMMON_BLOCKS = YES;
				GCC_WARN_64_TO_32_BIT_CONVERSION = YES;
				GCC_WARN_ABOUT_RETURN_TYPE = YES_ERROR;
				GCC_WARN_UNDECLARED_SELECTOR = YES;
				GCC_WARN_UNINITIALIZED_AUTOS = YES_AGGRESSIVE;
				GCC_WARN_UNUSED_FUNCTION = YES;
				GCC_WARN_UNUSED_VARIABLE = YES;
				IPHONEOS_DEPLOYMENT_TARGET = 11.0;
				MTL_ENABLE_DEBUG_INFO = NO;
				SDKROOT = iphoneos;
				SWIFT_OPTIMIZATION_LEVEL = "-Owholemodule";
				VALIDATE_PRODUCT = YES;
			};
			name = Release;
		};
		5E19DD011F96A2E0007D057E /* Debug */ = {
			isa = XCBuildConfiguration;
			baseConfigurationReference = BBE46E0EC4933EED66319D59 /* Pods-UteGolf.debug.xcconfig */;
			buildSettings = {
				ASSETCATALOG_COMPILER_APPICON_NAME = AppIcon;
				CODE_SIGN_STYLE = Automatic;
				DEVELOPMENT_TEAM = ATFS7QJ49K;
				INFOPLIST_FILE = UteGolf/Info.plist;
				LD_RUNPATH_SEARCH_PATHS = "$(inherited) @executable_path/Frameworks";
				PRODUCT_BUNDLE_IDENTIFIER = KeanuCode.UteGolf;
				PRODUCT_NAME = "$(TARGET_NAME)";
				SWIFT_VERSION = 4.0;
				TARGETED_DEVICE_FAMILY = "1,2";
			};
			name = Debug;
		};
		5E19DD021F96A2E0007D057E /* Release */ = {
			isa = XCBuildConfiguration;
			baseConfigurationReference = E09E850A6A12DCB060C1AC36 /* Pods-UteGolf.release.xcconfig */;
			buildSettings = {
				ASSETCATALOG_COMPILER_APPICON_NAME = AppIcon;
				CODE_SIGN_STYLE = Automatic;
				DEVELOPMENT_TEAM = ATFS7QJ49K;
				INFOPLIST_FILE = UteGolf/Info.plist;
				LD_RUNPATH_SEARCH_PATHS = "$(inherited) @executable_path/Frameworks";
				PRODUCT_BUNDLE_IDENTIFIER = KeanuCode.UteGolf;
				PRODUCT_NAME = "$(TARGET_NAME)";
				SWIFT_VERSION = 4.0;
				TARGETED_DEVICE_FAMILY = "1,2";
			};
			name = Release;
		};
		5E19DD041F96A2E0007D057E /* Debug */ = {
			isa = XCBuildConfiguration;
			baseConfigurationReference = C517A6072A4E9B1B4EDE09C7 /* Pods-UteGolfTests.debug.xcconfig */;
			buildSettings = {
				ALWAYS_EMBED_SWIFT_STANDARD_LIBRARIES = YES;
				BUNDLE_LOADER = "$(TEST_HOST)";
				CODE_SIGN_STYLE = Automatic;
				INFOPLIST_FILE = UteGolfTests/Info.plist;
				LD_RUNPATH_SEARCH_PATHS = "$(inherited) @executable_path/Frameworks @loader_path/Frameworks";
				PRODUCT_BUNDLE_IDENTIFIER = KeanuCode.UteGolfTests;
				PRODUCT_NAME = "$(TARGET_NAME)";
				SWIFT_VERSION = 4.0;
				TARGETED_DEVICE_FAMILY = "1,2";
				TEST_HOST = "$(BUILT_PRODUCTS_DIR)/UteGolf.app/UteGolf";
			};
			name = Debug;
		};
		5E19DD051F96A2E0007D057E /* Release */ = {
			isa = XCBuildConfiguration;
			baseConfigurationReference = E05CCFC8271F37D8A6A9AC84 /* Pods-UteGolfTests.release.xcconfig */;
			buildSettings = {
				ALWAYS_EMBED_SWIFT_STANDARD_LIBRARIES = YES;
				BUNDLE_LOADER = "$(TEST_HOST)";
				CODE_SIGN_STYLE = Automatic;
				INFOPLIST_FILE = UteGolfTests/Info.plist;
				LD_RUNPATH_SEARCH_PATHS = "$(inherited) @executable_path/Frameworks @loader_path/Frameworks";
				PRODUCT_BUNDLE_IDENTIFIER = KeanuCode.UteGolfTests;
				PRODUCT_NAME = "$(TARGET_NAME)";
				SWIFT_VERSION = 4.0;
				TARGETED_DEVICE_FAMILY = "1,2";
				TEST_HOST = "$(BUILT_PRODUCTS_DIR)/UteGolf.app/UteGolf";
			};
			name = Release;
		};
		5E19DD071F96A2E0007D057E /* Debug */ = {
			isa = XCBuildConfiguration;
			baseConfigurationReference = 4B02ABA3E81427E012422467 /* Pods-UteGolfUITests.debug.xcconfig */;
			buildSettings = {
				ALWAYS_EMBED_SWIFT_STANDARD_LIBRARIES = YES;
				CODE_SIGN_STYLE = Automatic;
				INFOPLIST_FILE = UteGolfUITests/Info.plist;
				LD_RUNPATH_SEARCH_PATHS = "$(inherited) @executable_path/Frameworks @loader_path/Frameworks";
				PRODUCT_BUNDLE_IDENTIFIER = KeanuCode.UteGolfUITests;
				PRODUCT_NAME = "$(TARGET_NAME)";
				SWIFT_VERSION = 4.0;
				TARGETED_DEVICE_FAMILY = "1,2";
				TEST_TARGET_NAME = UteGolf;
			};
			name = Debug;
		};
		5E19DD081F96A2E0007D057E /* Release */ = {
			isa = XCBuildConfiguration;
			baseConfigurationReference = B64D63E0740EF14718EB7FED /* Pods-UteGolfUITests.release.xcconfig */;
			buildSettings = {
				ALWAYS_EMBED_SWIFT_STANDARD_LIBRARIES = YES;
				CODE_SIGN_STYLE = Automatic;
				INFOPLIST_FILE = UteGolfUITests/Info.plist;
				LD_RUNPATH_SEARCH_PATHS = "$(inherited) @executable_path/Frameworks @loader_path/Frameworks";
				PRODUCT_BUNDLE_IDENTIFIER = KeanuCode.UteGolfUITests;
				PRODUCT_NAME = "$(TARGET_NAME)";
				SWIFT_VERSION = 4.0;
				TARGETED_DEVICE_FAMILY = "1,2";
				TEST_TARGET_NAME = UteGolf;
			};
			name = Release;
		};
/* End XCBuildConfiguration section */

/* Begin XCConfigurationList section */
		5E19DCD31F96A2DF007D057E /* Build configuration list for PBXProject "UteGolf" */ = {
			isa = XCConfigurationList;
			buildConfigurations = (
				5E19DCFE1F96A2E0007D057E /* Debug */,
				5E19DCFF1F96A2E0007D057E /* Release */,
			);
			defaultConfigurationIsVisible = 0;
			defaultConfigurationName = Release;
		};
		5E19DD001F96A2E0007D057E /* Build configuration list for PBXNativeTarget "UteGolf" */ = {
			isa = XCConfigurationList;
			buildConfigurations = (
				5E19DD011F96A2E0007D057E /* Debug */,
				5E19DD021F96A2E0007D057E /* Release */,
			);
			defaultConfigurationIsVisible = 0;
			defaultConfigurationName = Release;
		};
		5E19DD031F96A2E0007D057E /* Build configuration list for PBXNativeTarget "UteGolfTests" */ = {
			isa = XCConfigurationList;
			buildConfigurations = (
				5E19DD041F96A2E0007D057E /* Debug */,
				5E19DD051F96A2E0007D057E /* Release */,
			);
			defaultConfigurationIsVisible = 0;
			defaultConfigurationName = Release;
		};
		5E19DD061F96A2E0007D057E /* Build configuration list for PBXNativeTarget "UteGolfUITests" */ = {
			isa = XCConfigurationList;
			buildConfigurations = (
				5E19DD071F96A2E0007D057E /* Debug */,
				5E19DD081F96A2E0007D057E /* Release */,
			);
			defaultConfigurationIsVisible = 0;
			defaultConfigurationName = Release;
		};
/* End XCConfigurationList section */
	};
	rootObject = 5E19DCD01F96A2DF007D057E /* Project object */;
}
